
Microsoft Visual Studio Solution File, Format Version 12.00
# Visual Studio Version 16
VisualStudioVersion = 25.0.1700.6
MinimumVisualStudioVersion = 10.0.40219.1
Project("{FAE04EC0-301F-11D3-BF4B-00C04F79EFBC}") = "T05-Ejercicio14", "T05-Ejercicio14.csproj", "{29FFC217-32F7-4179-BD14-2029E182DA31}"
EndProject
Global
	GlobalSection(SolutionConfigurationPlatforms) = preSolution
		Debug|Any CPU = Debug|Any CPU
		Release|Any CPU = Release|Any CPU
	EndGlobalSection
	GlobalSection(ProjectConfigurationPlatforms) = postSolution
		{29FFC217-32F7-4179-BD14-2029E182DA31}.Debug|Any CPU.ActiveCfg = Debug|Any CPU
		{29FFC217-32F7-4179-BD14-2029E182DA31}.Debug|Any CPU.Build.0 = Debug|Any CPU
		{29FFC217-32F7-4179-BD14-2029E182DA31}.Release|Any CPU.ActiveCfg = Release|Any CPU
		{29FFC217-32F7-4179-BD14-2029E182DA31}.Release|Any CPU.Build.0 = Release|Any CPU
	EndGlobalSection
	GlobalSection(SolutionProperties) = preSolution
		HideSolutionNode = FALSE
	EndGlobalSection
	GlobalSection(ExtensibilityGlobals) = postSolution
		SolutionGuid = {7299D4C1-B957-4D6D-8206-08480D7F2052}
	EndGlobalSection
EndGlobal
